{
  "name": "kanbanize-cli",
  "version": "2.0.0",
  "lockfileVersion": 1,
  "requires": true,
  "dependencies": {
    "bash-color": {
      "version": "0.0.3",
      "resolved": "https://registry.npmjs.org/bash-color/-/bash-color-0.0.3.tgz",
      "integrity": "sha1-DAiSHsATk6tW6kRPCCXlSTyg5qI="
    },
    "cli-table": {
      "version": "0.3.1",
      "resolved": "https://registry.npmjs.org/cli-table/-/cli-table-0.3.1.tgz",
      "integrity": "sha1-9TsFJmqLGguTSz0IIebi3FkUriM=",
      "requires": {
        "colors": "1.0.3"
      }
    },
    "colors": {
      "version": "1.0.3",
      "resolved": "https://registry.npmjs.org/colors/-/colors-1.0.3.tgz",
      "integrity": "sha1-BDP0TYCWgP3rYO0mDxsMJi6CpAs="
    },
    "cookiejar": {
      "version": "1.3.0",
      "resolved": "https://registry.npmjs.org/cookiejar/-/cookiejar-1.3.0.tgz",
      "integrity": "sha1-3QCzVnkCHpnL1OhVua0EGRNHR2U="
    },
    "emitter-component": {
      "version": "1.0.0",
      "resolved": "https://registry.npmjs.org/emitter-component/-/emitter-component-1.0.0.tgz",
      "integrity": "sha1-8E3Rj8PcPpp0y8DzELCIZm5MAW8="
    },
    "extend": {
      "version": "1.2.1",
      "resolved": "https://registry.npmjs.org/extend/-/extend-1.2.1.tgz",
      "integrity": "sha1-oPX9bPyDpf5J72mNYOyKYk3UV2w="
    },
    "formidable": {
      "version": "1.0.14",
      "resolved": "https://registry.npmjs.org/formidable/-/formidable-1.0.14.tgz",
      "integrity": "sha1-Kz9MQRy7X91pXESEPiojUUpDIxo="
    },
    "lieutenant": {
      "version": "1.0.1",
      "resolved": "https://registry.npmjs.org/lieutenant/-/lieutenant-1.0.1.tgz",
      "integrity": "sha1-uYd9tHngdB9DbH6XpUJcs/ONp/E="
    },
    "methods": {
      "version": "0.0.1",
      "resolved": "https://registry.npmjs.org/methods/-/methods-0.0.1.tgz",
      "integrity": "sha1-J3yQ+L7zlwlkWoNxxRw7bGSOBow="
    },
    "mime": {
      "version": "1.2.5",
      "resolved": "https://registry.npmjs.org/mime/-/mime-1.2.5.tgz",
      "integrity": "sha1-nu0HMCKov14WyFZsaGe4gyv7+hM="
    },
    "reduce-component": {
      "version": "1.0.1",
      "resolved": "https://registry.npmjs.org/reduce-component/-/reduce-component-1.0.1.tgz",
      "integrity": "sha1-4Mk1QsV0UhvqE98PlIjtgqt3xdo="
    },
    "superagent": {
      "version": "0.17.0",
      "resolved": "https://registry.npmjs.org/superagent/-/superagent-0.17.0.tgz",
      "integrity": "sha1-qtzVD75ak+cZkRGNeb8HFNYlu6g=",
      "requires": {
        "cookiejar": "1.3.0",
        "debug": "~0.7.2",
        "emitter-component": "1.0.0",
        "extend": "~1.2.1",
        "formidable": "1.0.14",
        "methods": "0.0.1",
        "mime": "1.2.5",
        "qs": "0.6.5",
        "reduce-component": "1.0.1"
      },
      "dependencies": {
        "debug": {
          "version": "0.7.4",
          "resolved": "https://registry.npmjs.org/debug/-/debug-0.7.4.tgz",
          "integrity": "sha1-BuHqgILCyxTjmAbiLi9vdX+Srzk="
        },
        "qs": {
          "version": "0.6.5",
          "resolved": "https://registry.npmjs.org/qs/-/qs-0.6.5.tgz",
          "integrity": "sha1-KUsmjksNQlD23eGbO4s0k13/FO8="
        }
      }
    }
  }
}
